// !$*UTF8*$!
{
	archiveVersion = 1;
	classes = {
	};
	objectVersion = 50;
	objects = {

/* Begin PBXBuildFile section */
		15A16459D402C4F879814EAC /* Pods_The_Message_App.framework in Frameworks */ = {isa = PBXBuildFile; fileRef = D47D0FAA73C355F45FEE7ECA /* Pods_The_Message_App.framework */; };
		1715F2A821D8B1B900F8B20D /* AppDelegate.swift in Sources */ = {isa = PBXBuildFile; fileRef = 1715F2A721D8B1B900F8B20D /* AppDelegate.swift */; };
		1715F2AA21D8B1B900F8B20D /* WelcomeViewController.swift in Sources */ = {isa = PBXBuildFile; fileRef = 1715F2A921D8B1B900F8B20D /* WelcomeViewController.swift */; };
		1715F2AD21D8B1B900F8B20D /* Main.storyboard in Resources */ = {isa = PBXBuildFile; fileRef = 1715F2AB21D8B1B900F8B20D /* Main.storyboard */; };
		1715F2B021D8B1B900F8B20D /* The_Message_App.xcdatamodeld in Sources */ = {isa = PBXBuildFile; fileRef = 1715F2AE21D8B1B900F8B20D /* The_Message_App.xcdatamodeld */; };
		1715F2B221D8B1BB00F8B20D /* Assets.xcassets in Resources */ = {isa = PBXBuildFile; fileRef = 1715F2B121D8B1BB00F8B20D /* Assets.xcassets */; };
		1715F2B521D8B1BB00F8B20D /* LaunchScreen.storyboard in Resources */ = {isa = PBXBuildFile; fileRef = 1715F2B321D8B1BB00F8B20D /* LaunchScreen.storyboard */; };
		1715F2BD21D8B45000F8B20D /* GoogleService-Info.plist in Resources */ = {isa = PBXBuildFile; fileRef = 1715F2BC21D8B45000F8B20D /* GoogleService-Info.plist */; };
		17A2C2CC21DA965C00AAC0A0 /* FUser.swift in Sources */ = {isa = PBXBuildFile; fileRef = 17A2C2CB21DA965C00AAC0A0 /* FUser.swift */; };
		17A2C2CE21DA967500AAC0A0 /* Constants.swift in Sources */ = {isa = PBXBuildFile; fileRef = 17A2C2CD21DA967500AAC0A0 /* Constants.swift */; };
		17A2C2D021DAA7CC00AAC0A0 /* CollectionReference.swift in Sources */ = {isa = PBXBuildFile; fileRef = 17A2C2CF21DAA7CC00AAC0A0 /* CollectionReference.swift */; };
		17A2C2D221DAA9A000AAC0A0 /* HelperFunctions.swift in Sources */ = {isa = PBXBuildFile; fileRef = 17A2C2D121DAA9A000AAC0A0 /* HelperFunctions.swift */; };
		17DDB40F21DB50B800B0343F /* FinishRegistrationViewController.swift in Sources */ = {isa = PBXBuildFile; fileRef = 17DDB40E21DB50B800B0343F /* FinishRegistrationViewController.swift */; };
		17F0CDA621DCA5C20034CA47 /* SettingsTableViewController.swift in Sources */ = {isa = PBXBuildFile; fileRef = 17F0CDA521DCA5C20034CA47 /* SettingsTableViewController.swift */; };
		17F0CDA921DCAC720034CA47 /* UsersTableViewCell.swift in Sources */ = {isa = PBXBuildFile; fileRef = 17F0CDA821DCAC720034CA47 /* UsersTableViewCell.swift */; };
/* End PBXBuildFile section */

/* Begin PBXFileReference section */
		0B650DDB779C5482D799D2E5 /* Pods-The Message App.debug.xcconfig */ = {isa = PBXFileReference; includeInIndex = 1; lastKnownFileType = text.xcconfig; name = "Pods-The Message App.debug.xcconfig"; path = "Pods/Target Support Files/Pods-The Message App/Pods-The Message App.debug.xcconfig"; sourceTree = "<group>"; };
		1715F2A421D8B1B900F8B20D /* The Message App.app */ = {isa = PBXFileReference; explicitFileType = wrapper.application; includeInIndex = 0; path = "The Message App.app"; sourceTree = BUILT_PRODUCTS_DIR; };
		1715F2A721D8B1B900F8B20D /* AppDelegate.swift */ = {isa = PBXFileReference; lastKnownFileType = sourcecode.swift; path = AppDelegate.swift; sourceTree = "<group>"; };
		1715F2A921D8B1B900F8B20D /* WelcomeViewController.swift */ = {isa = PBXFileReference; lastKnownFileType = sourcecode.swift; path = WelcomeViewController.swift; sourceTree = "<group>"; };
		1715F2AC21D8B1B900F8B20D /* Base */ = {isa = PBXFileReference; lastKnownFileType = file.storyboard; name = Base; path = Base.lproj/Main.storyboard; sourceTree = "<group>"; };
		1715F2AF21D8B1B900F8B20D /* The_Message_App.xcdatamodel */ = {isa = PBXFileReference; lastKnownFileType = wrapper.xcdatamodel; path = The_Message_App.xcdatamodel; sourceTree = "<group>"; };
		1715F2B121D8B1BB00F8B20D /* Assets.xcassets */ = {isa = PBXFileReference; lastKnownFileType = folder.assetcatalog; path = Assets.xcassets; sourceTree = "<group>"; };
		1715F2B421D8B1BB00F8B20D /* Base */ = {isa = PBXFileReference; lastKnownFileType = file.storyboard; name = Base; path = Base.lproj/LaunchScreen.storyboard; sourceTree = "<group>"; };
		1715F2B621D8B1BB00F8B20D /* Info.plist */ = {isa = PBXFileReference; lastKnownFileType = text.plist.xml; path = Info.plist; sourceTree = "<group>"; };
		1715F2BC21D8B45000F8B20D /* GoogleService-Info.plist */ = {isa = PBXFileReference; fileEncoding = 4; lastKnownFileType = text.plist.xml; path = "GoogleService-Info.plist"; sourceTree = "<group>"; };
		17A2C2CB21DA965C00AAC0A0 /* FUser.swift */ = {isa = PBXFileReference; lastKnownFileType = sourcecode.swift; path = FUser.swift; sourceTree = "<group>"; };
		17A2C2CD21DA967500AAC0A0 /* Constants.swift */ = {isa = PBXFileReference; lastKnownFileType = sourcecode.swift; path = Constants.swift; sourceTree = "<group>"; };
		17A2C2CF21DAA7CC00AAC0A0 /* CollectionReference.swift */ = {isa = PBXFileReference; lastKnownFileType = sourcecode.swift; path = CollectionReference.swift; sourceTree = "<group>"; };
		17A2C2D121DAA9A000AAC0A0 /* HelperFunctions.swift */ = {isa = PBXFileReference; lastKnownFileType = sourcecode.swift; path = HelperFunctions.swift; sourceTree = "<group>"; };
		17DDB40E21DB50B800B0343F /* FinishRegistrationViewController.swift */ = {isa = PBXFileReference; lastKnownFileType = sourcecode.swift; path = FinishRegistrationViewController.swift; sourceTree = "<group>"; };
		17F0CDA521DCA5C20034CA47 /* SettingsTableViewController.swift */ = {isa = PBXFileReference; lastKnownFileType = sourcecode.swift; path = SettingsTableViewController.swift; sourceTree = "<group>"; };
		17F0CDA821DCAC720034CA47 /* UsersTableViewCell.swift */ = {isa = PBXFileReference; lastKnownFileType = sourcecode.swift; path = UsersTableViewCell.swift; sourceTree = "<group>"; };
		4B647DBDD0BBB144B4652120 /* Pods-The Message App.release.xcconfig */ = {isa = PBXFileReference; includeInIndex = 1; lastKnownFileType = text.xcconfig; name = "Pods-The Message App.release.xcconfig"; path = "Pods/Target Support Files/Pods-The Message App/Pods-The Message App.release.xcconfig"; sourceTree = "<group>"; };
		D47D0FAA73C355F45FEE7ECA /* Pods_The_Message_App.framework */ = {isa = PBXFileReference; explicitFileType = wrapper.framework; includeInIndex = 0; path = Pods_The_Message_App.framework; sourceTree = BUILT_PRODUCTS_DIR; };
/* End PBXFileReference section */

/* Begin PBXFrameworksBuildPhase section */
		1715F2A121D8B1B900F8B20D /* Frameworks */ = {
			isa = PBXFrameworksBuildPhase;
			buildActionMask = 2147483647;
			files = (
				15A16459D402C4F879814EAC /* Pods_The_Message_App.framework in Frameworks */,
			);
			runOnlyForDeploymentPostprocessing = 0;
		};
/* End PBXFrameworksBuildPhase section */

/* Begin PBXGroup section */
		1715F29B21D8B1B900F8B20D = {
			isa = PBXGroup;
			children = (
				1715F2A621D8B1B900F8B20D /* The Message App */,
				1715F2A521D8B1B900F8B20D /* Products */,
				EF56C4C565E304E8401F0168 /* Pods */,
				1F3A0E38E3F3470A0388F1D2 /* Frameworks */,
			);
			sourceTree = "<group>";
		};
		1715F2A521D8B1B900F8B20D /* Products */ = {
			isa = PBXGroup;
			children = (
				1715F2A421D8B1B900F8B20D /* The Message App.app */,
			);
			name = Products;
			sourceTree = "<group>";
		};
		1715F2A621D8B1B900F8B20D /* The Message App */ = {
			isa = PBXGroup;
			children = (
				17F0CDA721DCAC5C0034CA47 /* Cells */,
				17DDB41121DB510D00B0343F /* Classes */,
				1715F2B621D8B1BB00F8B20D /* Info.plist */,
				1715F2AE21D8B1B900F8B20D /* The_Message_App.xcdatamodeld */,
				1715F2A721D8B1B900F8B20D /* AppDelegate.swift */,
				1715F2BC21D8B45000F8B20D /* GoogleService-Info.plist */,
				1715F2B321D8B1BB00F8B20D /* LaunchScreen.storyboard */,
				1715F2A921D8B1B900F8B20D /* WelcomeViewController.swift */,
				17DDB40E21DB50B800B0343F /* FinishRegistrationViewController.swift */,
				1715F2AB21D8B1B900F8B20D /* Main.storyboard */,
				1715F2C121D8C31B00F8B20D /* Supporting Files */,
				1715F2C021D8C30F00F8B20D /* Controllers */,
				1715F2BF21D8C30900F8B20D /* Views */,
				1715F2BE21D8C30200F8B20D /* Models */,
				1715F2B121D8B1BB00F8B20D /* Assets.xcassets */,
				17DDB41021DB50CE00B0343F /* Helpers */,
				17F0CDA521DCA5C20034CA47 /* SettingsTableViewController.swift */,
			);
			path = "The Message App";
			sourceTree = "<group>";
		};
		1715F2BE21D8C30200F8B20D /* Models */ = {
			isa = PBXGroup;
			children = (
			);
			path = Models;
			sourceTree = "<group>";
		};
		1715F2BF21D8C30900F8B20D /* Views */ = {
			isa = PBXGroup;
			children = (
			);
			path = Views;
			sourceTree = "<group>";
		};
		1715F2C021D8C30F00F8B20D /* Controllers */ = {
			isa = PBXGroup;
			children = (
			);
			path = Controllers;
			sourceTree = "<group>";
		};
		1715F2C121D8C31B00F8B20D /* Supporting Files */ = {
			isa = PBXGroup;
			children = (
			);
			path = "Supporting Files";
			sourceTree = "<group>";
		};
		17DDB41021DB50CE00B0343F /* Helpers */ = {
			isa = PBXGroup;
			children = (
				17A2C2CF21DAA7CC00AAC0A0 /* CollectionReference.swift */,
				17A2C2D121DAA9A000AAC0A0 /* HelperFunctions.swift */,
				17A2C2CD21DA967500AAC0A0 /* Constants.swift */,
			);
			path = Helpers;
			sourceTree = "<group>";
		};
		17DDB41121DB510D00B0343F /* Classes */ = {
			isa = PBXGroup;
			children = (
				17A2C2CB21DA965C00AAC0A0 /* FUser.swift */,
			);
			path = Classes;
			sourceTree = "<group>";
		};
		17F0CDA721DCAC5C0034CA47 /* Cells */ = {
			isa = PBXGroup;
			children = (
				17F0CDA821DCAC720034CA47 /* UsersTableViewCell.swift */,
			);
			path = Cells;
			sourceTree = "<group>";
		};
		1F3A0E38E3F3470A0388F1D2 /* Frameworks */ = {
			isa = PBXGroup;
			children = (
				D47D0FAA73C355F45FEE7ECA /* Pods_The_Message_App.framework */,
			);
			name = Frameworks;
			sourceTree = "<group>";
		};
		EF56C4C565E304E8401F0168 /* Pods */ = {
			isa = PBXGroup;
			children = (
				0B650DDB779C5482D799D2E5 /* Pods-The Message App.debug.xcconfig */,
				4B647DBDD0BBB144B4652120 /* Pods-The Message App.release.xcconfig */,
			);
			name = Pods;
			sourceTree = "<group>";
		};
/* End PBXGroup section */

/* Begin PBXNativeTarget section */
		1715F2A321D8B1B900F8B20D /* The Message App */ = {
			isa = PBXNativeTarget;
			buildConfigurationList = 1715F2B921D8B1BB00F8B20D /* Build configuration list for PBXNativeTarget "The Message App" */;
			buildPhases = (
				A755B4D903989573EFD64DD6 /* [CP] Check Pods Manifest.lock */,
				1715F2A021D8B1B900F8B20D /* Sources */,
				1715F2A121D8B1B900F8B20D /* Frameworks */,
				1715F2A221D8B1B900F8B20D /* Resources */,
				EB6ED321D86D79C0D5B064C2 /* [CP] Embed Pods Frameworks */,
				ADA085F7C5BECFFD10AB0FEF /* [CP] Copy Pods Resources */,
			);
			buildRules = (
			);
			dependencies = (
			);
			name = "The Message App";
			productName = "The Message App";
			productReference = 1715F2A421D8B1B900F8B20D /* The Message App.app */;
			productType = "com.apple.product-type.application";
		};
/* End PBXNativeTarget section */

/* Begin PBXProject section */
		1715F29C21D8B1B900F8B20D /* Project object */ = {
			isa = PBXProject;
			attributes = {
				LastSwiftUpdateCheck = 1010;
				LastUpgradeCheck = 1010;
				ORGANIZATIONNAME = "Vibol Roeun";
				TargetAttributes = {
					1715F2A321D8B1B900F8B20D = {
						CreatedOnToolsVersion = 10.1;
					};
				};
			};
			buildConfigurationList = 1715F29F21D8B1B900F8B20D /* Build configuration list for PBXProject "The Message App" */;
			compatibilityVersion = "Xcode 9.3";
			developmentRegion = en;
			hasScannedForEncodings = 0;
			knownRegions = (
				en,
				Base,
			);
			mainGroup = 1715F29B21D8B1B900F8B20D;
			productRefGroup = 1715F2A521D8B1B900F8B20D /* Products */;
			projectDirPath = "";
			projectRoot = "";
			targets = (
				1715F2A321D8B1B900F8B20D /* The Message App */,
			);
		};
/* End PBXProject section */

/* Begin PBXResourcesBuildPhase section */
		1715F2A221D8B1B900F8B20D /* Resources */ = {
			isa = PBXResourcesBuildPhase;
			buildActionMask = 2147483647;
			files = (
				1715F2B521D8B1BB00F8B20D /* LaunchScreen.storyboard in Resources */,
				1715F2BD21D8B45000F8B20D /* GoogleService-Info.plist in Resources */,
				1715F2B221D8B1BB00F8B20D /* Assets.xcassets in Resources */,
				1715F2AD21D8B1B900F8B20D /* Main.storyboard in Resources */,
			);
			runOnlyForDeploymentPostprocessing = 0;
		};
/* End PBXResourcesBuildPhase section */

/* Begin PBXShellScriptBuildPhase section */
		A755B4D903989573EFD64DD6 /* [CP] Check Pods Manifest.lock */ = {
			isa = PBXShellScriptBuildPhase;
			buildActionMask = 2147483647;
			files = (
			);
			inputPaths = (
				"${PODS_PODFILE_DIR_PATH}/Podfile.lock",
				"${PODS_ROOT}/Manifest.lock",
			);
			name = "[CP] Check Pods Manifest.lock";
			outputPaths = (
				"$(DERIVED_FILE_DIR)/Pods-The Message App-checkManifestLockResult.txt",
			);
			runOnlyForDeploymentPostprocessing = 0;
			shellPath = /bin/sh;
			shellScript = "diff \"${PODS_PODFILE_DIR_PATH}/Podfile.lock\" \"${PODS_ROOT}/Manifest.lock\" > /dev/null\nif [ $? != 0 ] ; then\n    # print error to STDERR\n    echo \"error: The sandbox is not in sync with the Podfile.lock. Run 'pod install' or update your CocoaPods installation.\" >&2\n    exit 1\nfi\n# This output is used by Xcode 'outputs' to avoid re-running this script phase.\necho \"SUCCESS\" > \"${SCRIPT_OUTPUT_FILE_0}\"\n";
			showEnvVarsInLog = 0;
		};
		ADA085F7C5BECFFD10AB0FEF /* [CP] Copy Pods Resources */ = {
			isa = PBXShellScriptBuildPhase;
			buildActionMask = 2147483647;
			files = (
			);
			inputPaths = (
				"${SRCROOT}/Pods/Target Support Files/Pods-The Message App/Pods-The Message App-resources.sh",
				"${PODS_CONFIGURATION_BUILD_DIR}/FirebaseFirestore/gRPCCertificates-Firestore.bundle",
			);
			name = "[CP] Copy Pods Resources";
			outputPaths = (
				"${TARGET_BUILD_DIR}/${UNLOCALIZED_RESOURCES_FOLDER_PATH}/gRPCCertificates-Firestore.bundle",
			);
			runOnlyForDeploymentPostprocessing = 0;
			shellPath = /bin/sh;
			shellScript = "\"${SRCROOT}/Pods/Target Support Files/Pods-The Message App/Pods-The Message App-resources.sh\"\n";
			showEnvVarsInLog = 0;
		};
		EB6ED321D86D79C0D5B064C2 /* [CP] Embed Pods Frameworks */ = {
			isa = PBXShellScriptBuildPhase;
			buildActionMask = 2147483647;
			files = (
			);
			inputPaths = (
				"${SRCROOT}/Pods/Target Support Files/Pods-The Message App/Pods-The Message App-frameworks.sh",
				"${BUILT_PRODUCTS_DIR}/BoringSSL/openssl.framework",
				"${BUILT_PRODUCTS_DIR}/DACircularProgress/DACircularProgress.framework",
				"${BUILT_PRODUCTS_DIR}/GTMSessionFetcher/GTMSessionFetcher.framework",
				"${BUILT_PRODUCTS_DIR}/GoogleUtilities/GoogleUtilities.framework",
				"${BUILT_PRODUCTS_DIR}/IDMPhotoBrowser/IDMPhotoBrowser.framework",
				"${BUILT_PRODUCTS_DIR}/IQAudioRecorderController/IQAudioRecorderController.framework",
				"${BUILT_PRODUCTS_DIR}/JSQMessagesViewController/JSQMessagesViewController.framework",
				"${BUILT_PRODUCTS_DIR}/JSQSystemSoundPlayer/JSQSystemSoundPlayer.framework",
				"${BUILT_PRODUCTS_DIR}/MBProgressHUD/MBProgressHUD.framework",
				"${BUILT_PRODUCTS_DIR}/ProgressHUD/ProgressHUD.framework",
				"${BUILT_PRODUCTS_DIR}/Protobuf/Protobuf.framework",
				"${BUILT_PRODUCTS_DIR}/SCSiriWaveformView/SCSiriWaveformView.framework",
				"${BUILT_PRODUCTS_DIR}/SDWebImage/SDWebImage.framework",
				"${BUILT_PRODUCTS_DIR}/gRPC-C++/grpcpp.framework",
				"${BUILT_PRODUCTS_DIR}/gRPC-Core/grpc.framework",
				"${BUILT_PRODUCTS_DIR}/leveldb-library/leveldb.framework",
				"${BUILT_PRODUCTS_DIR}/nanopb/nanopb.framework",
				"${BUILT_PRODUCTS_DIR}/pop/pop.framework",
			);
			name = "[CP] Embed Pods Frameworks";
			outputPaths = (
				"${TARGET_BUILD_DIR}/${FRAMEWORKS_FOLDER_PATH}/openssl.framework",
				"${TARGET_BUILD_DIR}/${FRAMEWORKS_FOLDER_PATH}/DACircularProgress.framework",
				"${TARGET_BUILD_DIR}/${FRAMEWORKS_FOLDER_PATH}/GTMSessionFetcher.framework",
				"${TARGET_BUILD_DIR}/${FRAMEWORKS_FOLDER_PATH}/GoogleUtilities.framework",
				"${TARGET_BUILD_DIR}/${FRAMEWORKS_FOLDER_PATH}/IDMPhotoBrowser.framework",
				"${TARGET_BUILD_DIR}/${FRAMEWORKS_FOLDER_PATH}/IQAudioRecorderController.framework",
				"${TARGET_BUILD_DIR}/${FRAMEWORKS_FOLDER_PATH}/JSQMessagesViewController.framework",
				"${TARGET_BUILD_DIR}/${FRAMEWORKS_FOLDER_PATH}/JSQSystemSoundPlayer.framework",
				"${TARGET_BUILD_DIR}/${FRAMEWORKS_FOLDER_PATH}/MBProgressHUD.framework",
				"${TARGET_BUILD_DIR}/${FRAMEWORKS_FOLDER_PATH}/ProgressHUD.framework",
				"${TARGET_BUILD_DIR}/${FRAMEWORKS_FOLDER_PATH}/Protobuf.framework",
				"${TARGET_BUILD_DIR}/${FRAMEWORKS_FOLDER_PATH}/SCSiriWaveformView.framework",
				"${TARGET_BUILD_DIR}/${FRAMEWORKS_FOLDER_PATH}/SDWebImage.framework",
				"${TARGET_BUILD_DIR}/${FRAMEWORKS_FOLDER_PATH}/grpcpp.framework",
				"${TARGET_BUILD_DIR}/${FRAMEWORKS_FOLDER_PATH}/grpc.framework",
				"${TARGET_BUILD_DIR}/${FRAMEWORKS_FOLDER_PATH}/leveldb.framework",
				"${TARGET_BUILD_DIR}/${FRAMEWORKS_FOLDER_PATH}/nanopb.framework",
				"${TARGET_BUILD_DIR}/${FRAMEWORKS_FOLDER_PATH}/pop.framework",
			);
			runOnlyForDeploymentPostprocessing = 0;
			shellPath = /bin/sh;
			shellScript = "\"${SRCROOT}/Pods/Target Support Files/Pods-The Message App/Pods-The Message App-frameworks.sh\"\n";
			showEnvVarsInLog = 0;
		};
/* End PBXShellScriptBuildPhase section */

/* Begin PBXSourcesBuildPhase section */
		1715F2A021D8B1B900F8B20D /* Sources */ = {
			isa = PBXSourcesBuildPhase;
			buildActionMask = 2147483647;
			files = (
				17A2C2D221DAA9A000AAC0A0 /* HelperFunctions.swift in Sources */,
				17A2C2CE21DA967500AAC0A0 /* Constants.swift in Sources */,
				1715F2AA21D8B1B900F8B20D /* WelcomeViewController.swift in Sources */,
				1715F2B021D8B1B900F8B20D /* The_Message_App.xcdatamodeld in Sources */,
				17F0CDA921DCAC720034CA47 /* UsersTableViewCell.swift in Sources */,
				17DDB40F21DB50B800B0343F /* FinishRegistrationViewController.swift in Sources */,
				1715F2A821D8B1B900F8B20D /* AppDelegate.swift in Sources */,
				17A2C2CC21DA965C00AAC0A0 /* FUser.swift in Sources */,
				17A2C2D021DAA7CC00AAC0A0 /* CollectionReference.swift in Sources */,
				17F0CDA621DCA5C20034CA47 /* SettingsTableViewController.swift in Sources */,
			);
			runOnlyForDeploymentPostprocessing = 0;
		};
/* End PBXSourcesBuildPhase section */

/* Begin PBXVariantGroup section */
		1715F2AB21D8B1B900F8B20D /* Main.storyboard */ = {
			isa = PBXVariantGroup;
			children = (
				1715F2AC21D8B1B900F8B20D /* Base */,
			);
			name = Main.storyboard;
			sourceTree = "<group>";
		};
		1715F2B321D8B1BB00F8B20D /* LaunchScreen.storyboard */ = {
			isa = PBXVariantGroup;
			children = (
				1715F2B421D8B1BB00F8B20D /* Base */,
			);
			name = LaunchScreen.storyboard;
			sourceTree = "<group>";
		};
/* End PBXVariantGroup section */

/* Begin XCBuildConfiguration section */
		1715F2B721D8B1BB00F8B20D /* Debug */ = {
			isa = XCBuildConfiguration;
			buildSettings = {
				ALWAYS_SEARCH_USER_PATHS = NO;
				ASSETCATALOG_COMPILER_APPICON_NAME = "";
				CLANG_ANALYZER_NONNULL = YES;
				CLANG_ANALYZER_NUMBER_OBJECT_CONVERSION = YES_AGGRESSIVE;
				CLANG_CXX_LANGUAGE_STANDARD = "gnu++14";
				CLANG_CXX_LIBRARY = "libc++";
				CLANG_ENABLE_MODULES = YES;
				CLANG_ENABLE_OBJC_ARC = YES;
				CLANG_ENABLE_OBJC_WEAK = YES;
				CLANG_WARN_BLOCK_CAPTURE_AUTORELEASING = YES;
				CLANG_WARN_BOOL_CONVERSION = YES;
				CLANG_WARN_COMMA = YES;
				CLANG_WARN_CONSTANT_CONVERSION = YES;
				CLANG_WARN_DEPRECATED_OBJC_IMPLEMENTATIONS = YES;
				CLANG_WARN_DIRECT_OBJC_ISA_USAGE = YES_ERROR;
				CLANG_WARN_DOCUMENTATION_COMMENTS = YES;
				CLANG_WARN_EMPTY_BODY = YES;
				CLANG_WARN_ENUM_CONVERSION = YES;
				CLANG_WARN_INFINITE_RECURSION = YES;
				CLANG_WARN_INT_CONVERSION = YES;
				CLANG_WARN_NON_LITERAL_NULL_CONVERSION = YES;
				CLANG_WARN_OBJC_IMPLICIT_RETAIN_SELF = YES;
				CLANG_WARN_OBJC_LITERAL_CONVERSION = YES;
				CLANG_WARN_OBJC_ROOT_CLASS = YES_ERROR;
				CLANG_WARN_RANGE_LOOP_ANALYSIS = YES;
				CLANG_WARN_STRICT_PROTOTYPES = YES;
				CLANG_WARN_SUSPICIOUS_MOVE = YES;
				CLANG_WARN_UNGUARDED_AVAILABILITY = YES_AGGRESSIVE;
				CLANG_WARN_UNREACHABLE_CODE = YES;
				CLANG_WARN__DUPLICATE_METHOD_MATCH = YES;
				CODE_SIGN_IDENTITY = "iPhone Developer";
				COPY_PHASE_STRIP = NO;
				DEBUG_INFORMATION_FORMAT = dwarf;
				ENABLE_STRICT_OBJC_MSGSEND = YES;
				ENABLE_TESTABILITY = YES;
				GCC_C_LANGUAGE_STANDARD = gnu11;
				GCC_DYNAMIC_NO_PIC = NO;
				GCC_NO_COMMON_BLOCKS = YES;
				GCC_OPTIMIZATION_LEVEL = 0;
				GCC_PREPROCESSOR_DEFINITIONS = (
					"DEBUG=1",
					"$(inherited)",
				);
				GCC_WARN_64_TO_32_BIT_CONVERSION = YES;
				GCC_WARN_ABOUT_RETURN_TYPE = YES_ERROR;
				GCC_WARN_UNDECLARED_SELECTOR = YES;
				GCC_WARN_UNINITIALIZED_AUTOS = YES_AGGRESSIVE;
				GCC_WARN_UNUSED_FUNCTION = YES;
				GCC_WARN_UNUSED_VARIABLE = YES;
				IPHONEOS_DEPLOYMENT_TARGET = 12.1;
				MTL_ENABLE_DEBUG_INFO = INCLUDE_SOURCE;
				MTL_FAST_MATH = YES;
				ONLY_ACTIVE_ARCH = YES;
				SDKROOT = iphoneos;
				SWIFT_ACTIVE_COMPILATION_CONDITIONS = DEBUG;
				SWIFT_OPTIMIZATION_LEVEL = "-Onone";
			};
			name = Debug;
		};
		1715F2B821D8B1BB00F8B20D /* Release */ = {
			isa = XCBuildConfiguration;
			buildSettings = {
				ALWAYS_SEARCH_USER_PATHS = NO;
				CLANG_ANALYZER_NONNULL = YES;
				CLANG_ANALYZER_NUMBER_OBJECT_CONVERSION = YES_AGGRESSIVE;
				CLANG_CXX_LANGUAGE_STANDARD = "gnu++14";
				CLANG_CXX_LIBRARY = "libc++";
				CLANG_ENABLE_MODULES = YES;
				CLANG_ENABLE_OBJC_ARC = YES;
				CLANG_ENABLE_OBJC_WEAK = YES;
				CLANG_WARN_BLOCK_CAPTURE_AUTORELEASING = YES;
				CLANG_WARN_BOOL_CONVERSION = YES;
				CLANG_WARN_COMMA = YES;
				CLANG_WARN_CONSTANT_CONVERSION = YES;
				CLANG_WARN_DEPRECATED_OBJC_IMPLEMENTATIONS = YES;
				CLANG_WARN_DIRECT_OBJC_ISA_USAGE = YES_ERROR;
				CLANG_WARN_DOCUMENTATION_COMMENTS = YES;
				CLANG_WARN_EMPTY_BODY = YES;
				CLANG_WARN_ENUM_CONVERSION = YES;
				CLANG_WARN_INFINITE_RECURSION = YES;
				CLANG_WARN_INT_CONVERSION = YES;
				CLANG_WARN_NON_LITERAL_NULL_CONVERSION = YES;
				CLANG_WARN_OBJC_IMPLICIT_RETAIN_SELF = YES;
				CLANG_WARN_OBJC_LITERAL_CONVERSION = YES;
				CLANG_WARN_OBJC_ROOT_CLASS = YES_ERROR;
				CLANG_WARN_RANGE_LOOP_ANALYSIS = YES;
				CLANG_WARN_STRICT_PROTOTYPES = YES;
				CLANG_WARN_SUSPICIOUS_MOVE = YES;
				CLANG_WARN_UNGUARDED_AVAILABILITY = YES_AGGRESSIVE;
				CLANG_WARN_UNREACHABLE_CODE = YES;
				CLANG_WARN__DUPLICATE_METHOD_MATCH = YES;
				CODE_SIGN_IDENTITY = "iPhone Developer";
				COPY_PHASE_STRIP = NO;
				DEBUG_INFORMATION_FORMAT = "dwarf-with-dsym";
				ENABLE_NS_ASSERTIONS = NO;
				ENABLE_STRICT_OBJC_MSGSEND = YES;
				GCC_C_LANGUAGE_STANDARD = gnu11;
				GCC_NO_COMMON_BLOCKS = YES;
				GCC_WARN_64_TO_32_BIT_CONVERSION = YES;
				GCC_WARN_ABOUT_RETURN_TYPE = YES_ERROR;
				GCC_WARN_UNDECLARED_SELECTOR = YES;
				GCC_WARN_UNINITIALIZED_AUTOS = YES_AGGRESSIVE;
				GCC_WARN_UNUSED_FUNCTION = YES;
				GCC_WARN_UNUSED_VARIABLE = YES;
				IPHONEOS_DEPLOYMENT_TARGET = 12.1;
				MTL_ENABLE_DEBUG_INFO = NO;
				MTL_FAST_MATH = YES;
				SDKROOT = iphoneos;
				SWIFT_COMPILATION_MODE = wholemodule;
				SWIFT_OPTIMIZATION_LEVEL = "-O";
				VALIDATE_PRODUCT = YES;
			};
			name = Release;
		};
		1715F2BA21D8B1BB00F8B20D /* Debug */ = {
			isa = XCBuildConfiguration;
			baseConfigurationReference = 0B650DDB779C5482D799D2E5 /* Pods-The Message App.debug.xcconfig */;
			buildSettings = {
				ASSETCATALOG_COMPILER_APPICON_NAME = AppIcon;
				CODE_SIGN_STYLE = Automatic;
				DEVELOPMENT_TEAM = KE649726B2;
				INFOPLIST_FILE = "The Message App/Info.plist";
				LD_RUNPATH_SEARCH_PATHS = (
					"$(inherited)",
					"@executable_path/Frameworks",
				);
				PRODUCT_BUNDLE_IDENTIFIER = "com.vibolroeun.The-Message-App";
				PRODUCT_NAME = "$(TARGET_NAME)";
				SWIFT_VERSION = 4.2;
				TARGETED_DEVICE_FAMILY = "1,2";
			};
			name = Debug;
		};
		1715F2BB21D8B1BB00F8B20D /* Release */ = {
			isa = XCBuildConfiguration;
			baseConfigurationReference = 4B647DBDD0BBB144B4652120 /* Pods-The Message App.release.xcconfig */;
			buildSettings = {
				ASSETCATALOG_COMPILER_APPICON_NAME = AppIcon;
				CODE_SIGN_STYLE = Automatic;
				DEVELOPMENT_TEAM = KE649726B2;
				INFOPLIST_FILE = "The Message App/Info.plist";
				LD_RUNPATH_SEARCH_PATHS = (
					"$(inherited)",
					"@executable_path/Frameworks",
				);
				PRODUCT_BUNDLE_IDENTIFIER = "com.vibolroeun.The-Message-App";
				PRODUCT_NAME = "$(TARGET_NAME)";
				SWIFT_VERSION = 4.2;
				TARGETED_DEVICE_FAMILY = "1,2";
			};
			name = Release;
		};
/* End XCBuildConfiguration section */

/* Begin XCConfigurationList section */
		1715F29F21D8B1B900F8B20D /* Build configuration list for PBXProject "The Message App" */ = {
			isa = XCConfigurationList;
			buildConfigurations = (
				1715F2B721D8B1BB00F8B20D /* Debug */,
				1715F2B821D8B1BB00F8B20D /* Release */,
			);
			defaultConfigurationIsVisible = 0;
			defaultConfigurationName = Release;
		};
		1715F2B921D8B1BB00F8B20D /* Build configuration list for PBXNativeTarget "The Message App" */ = {
			isa = XCConfigurationList;
			buildConfigurations = (
				1715F2BA21D8B1BB00F8B20D /* Debug */,
				1715F2BB21D8B1BB00F8B20D /* Release */,
			);
			defaultConfigurationIsVisible = 0;
			defaultConfigurationName = Release;
		};
/* End XCConfigurationList section */

/* Begin XCVersionGroup section */
		1715F2AE21D8B1B900F8B20D /* The_Message_App.xcdatamodeld */ = {
			isa = XCVersionGroup;
			children = (
				1715F2AF21D8B1B900F8B20D /* The_Message_App.xcdatamodel */,
			);
			currentVersion = 1715F2AF21D8B1B900F8B20D /* The_Message_App.xcdatamodel */;
			path = The_Message_App.xcdatamodeld;
			sourceTree = "<group>";
			versionGroupType = wrapper.xcdatamodel;
		};
/* End XCVersionGroup section */
	};
	rootObject = 1715F29C21D8B1B900F8B20D /* Project object */;
}
